
Microsoft Visual Studio Solution File, Format Version 12.00
# Visual Studio Version 16
VisualStudioVersion = 16.0.31911.196
MinimumVisualStudioVersion = 10.0.40219.1
Project("{9A19103F-16F7-4668-BE54-9A1E7A4F7556}") = "MusicAPIV4", "MusicAPIV4\MusicAPIV4.csproj", "{EC19CCA2-FFB2-4FA5-A4E1-DBEC0EB5E000}"
EndProject
Global
	GlobalSection(SolutionConfigurationPlatforms) = preSolution
		Debug|Any CPU = Debug|Any CPU
		Release|Any CPU = Release|Any CPU
	EndGlobalSection
	GlobalSection(ProjectConfigurationPlatforms) = postSolution
		{EC19CCA2-FFB2-4FA5-A4E1-DBEC0EB5E000}.Debug|Any CPU.ActiveCfg = Debug|Any CPU
		{EC19CCA2-FFB2-4FA5-A4E1-DBEC0EB5E000}.Debug|Any CPU.Build.0 = Debug|Any CPU
		{EC19CCA2-FFB2-4FA5-A4E1-DBEC0EB5E000}.Release|Any CPU.ActiveCfg = Release|Any CPU
		{EC19CCA2-FFB2-4FA5-A4E1-DBEC0EB5E000}.Release|Any CPU.Build.0 = Release|Any CPU
	EndGlobalSection
	GlobalSection(SolutionProperties) = preSolution
		HideSolutionNode = FALSE
	EndGlobalSection
	GlobalSection(ExtensibilityGlobals) = postSolution
		SolutionGuid = {D1D5874F-20CE-47CF-A253-8C665FB14117}
	EndGlobalSection
EndGlobal
